<?xml version="1.0" encoding="utf-8"?>
<Project ToolsVersion="4.0" xmlns="http://schemas.microsoft.com/developer/msbuild/2003">
  <ItemGroup>
    <Filter Include="Source Files">
      <UniqueIdentifier>{2da46a3c-fe30-430a-90b7-a027078a7427}</UniqueIdentifier>
      <Extensions>cpp;c;cxx;rc;def;r;odl;idl;hpj;bat</Extensions>
    </Filter>
    <Filter Include="Header Files">
      <UniqueIdentifier>{c486145b-83a9-46f9-9aa0-f14bb0345ef3}</UniqueIdentifier>
      <Extensions>h;hpp;hxx;hm;inl</Extensions>
    </Filter>
    <Filter Include="Resource Files">
      <UniqueIdentifier>{13ff5f50-c440-4bd5-8610-42bf63212f16}</UniqueIdentifier>
      <Extensions>ico;cur;bmp;dlg;rc2;rct;bin;cnt;rtf;gif;jpg;jpeg;jpe</Extensions>
    </Filter>
  </ItemGroup>
  <ItemGroup>
    <None Include="res\SoundSpace.ico">
      <Filter>Resource Files</Filter>
    </None>
    <None Include="res\SoundSpace.rc2">
      <Filter>Resource Files</Filter>
    </None>
    <None Include="res\SoundSpaceDoc.ico">
      <Filter>Resource Files</Filter>
    </None>
    <None Include="res\Toolbar.bmp">
      <Filter>Resource Files</Filter>
    </None>
    <None Include="src\ReadMe.txt" />
    <None Include="src\SoundSpace.reg" />
  </ItemGroup>
  <ItemGroup>
    <ClInclude Include="src\assert.h">
      <Filter>Header Files</Filter>
    </ClInclude>
    <ClInclude Include="src\AutostartDialog.h">
      <Filter>Header Files</Filter>
    </ClInclude>
    <ClInclude Include="src\ClockDate.h">
      <Filter>Header Files</Filter>
    </ClInclude>
    <ClInclude Include="src\ConditionalDialog.h">
      <Filter>Header Files</Filter>
    </ClInclude>
    <ClInclude Include="src\debug.h">
      <Filter>Header Files</Filter>
    </ClInclude>
    <ClInclude Include="src\DeviceDialog.h">
      <Filter>Header Files</Filter>
    </ClInclude>
    <ClInclude Include="src\DMXselectFile.h">
      <Filter>Header Files</Filter>
    </ClInclude>
    <ClInclude Include="src\InputDialog.h">
      <Filter>Header Files</Filter>
    </ClInclude>
    <ClInclude Include="src\LayoutDialog.h">
      <Filter>Header Files</Filter>
    </ClInclude>
    <ClInclude Include="src\MainFrm.h">
      <Filter>Header Files</Filter>
    </ClInclude>
    <ClInclude Include="src\PlayObjectDialog.h">
      <Filter>Header Files</Filter>
    </ClInclude>
    <ClInclude Include="src\PlayTaskDialog.h">
      <Filter>Header Files</Filter>
    </ClInclude>
    <ClInclude Include="src\resource.h">
      <Filter>Header Files</Filter>
    </ClInclude>
    <ClInclude Include="src\SettingsResetDlg.h">
      <Filter>Header Files</Filter>
    </ClInclude>
    <ClInclude Include="src\SoundSpace.h">
      <Filter>Header Files</Filter>
    </ClInclude>
    <ClInclude Include="src\SoundSpaceDoc.h">
      <Filter>Header Files</Filter>
    </ClInclude>
    <ClInclude Include="src\SoundSpaceView.h">
      <Filter>Header Files</Filter>
    </ClInclude>
    <ClInclude Include="src\SSpBasic.h">
      <Filter>Header Files</Filter>
    </ClInclude>
    <ClInclude Include="src\SSpConditionals.h">
      <Filter>Header Files</Filter>
    </ClInclude>
    <ClInclude Include="src\sspDateTimeManager.h">
      <Filter>Header Files</Filter>
    </ClInclude>
    <ClInclude Include="src\sspDefines.h">
      <Filter>Header Files</Filter>
    </ClInclude>
    <ClInclude Include="src\sspDevice.h">
      <Filter>Header Files</Filter>
    </ClInclude>
    <ClInclude Include="src\sspDeviceGroups.h">
      <Filter>Header Files</Filter>
    </ClInclude>
    <ClInclude Include="src\sspDeviceManager.h">
      <Filter>Header Files</Filter>
    </ClInclude>
    <ClInclude Include="src\sspDirectSoundDevice.h">
      <Filter>Header Files</Filter>
    </ClInclude>
    <ClInclude Include="src\sspDirectSoundService.h">
      <Filter>Header Files</Filter>
    </ClInclude>
    <ClInclude Include="src\sspDmxDevice.h">
      <Filter>Header Files</Filter>
    </ClInclude>
    <ClInclude Include="src\sspDSchannelControl.h">
      <Filter>Header Files</Filter>
    </ClInclude>
    <ClInclude Include="src\sspDScontrolFile.h">
      <Filter>Header Files</Filter>
    </ClInclude>
    <ClInclude Include="src\sspExecutiveManager.h">
      <Filter>Header Files</Filter>
    </ClInclude>
    <ClInclude Include="src\sspGUIClockMsgList.h">
      <Filter>Header Files</Filter>
    </ClInclude>
    <ClInclude Include="src\SSpGUIConditional.h">
      <Filter>Header Files</Filter>
    </ClInclude>
    <ClInclude Include="src\SSpGUIConditionalEditor.h">
      <Filter>Header Files</Filter>
    </ClInclude>
    <ClInclude Include="src\sspGUIinput.h">
      <Filter>Header Files</Filter>
    </ClInclude>
    <ClInclude Include="src\sspGUIinputEditor.h">
      <Filter>Header Files</Filter>
    </ClInclude>
    <ClInclude Include="src\SSpGUIMessage.h">
      <Filter>Header Files</Filter>
    </ClInclude>
    <ClInclude Include="src\SSpGUIMessageEditor.h">
      <Filter>Header Files</Filter>
    </ClInclude>
    <ClInclude Include="src\SSpGUIMsgList.h">
      <Filter>Header Files</Filter>
    </ClInclude>
    <ClInclude Include="src\SSpGUIPlayObject.h">
      <Filter>Header Files</Filter>
    </ClInclude>
    <ClInclude Include="src\SSpGUIPlayObjectEditor.h">
      <Filter>Header Files</Filter>
    </ClInclude>
    <ClInclude Include="src\sspGUIPreferences.h">
      <Filter>Header Files</Filter>
    </ClInclude>
    <ClInclude Include="src\sspGUIString.h">
      <Filter>Header Files</Filter>
    </ClInclude>
    <ClInclude Include="src\sspGUIStringDialog.h">
      <Filter>Header Files</Filter>
    </ClInclude>
    <ClInclude Include="src\sspGUIStringEditors.h">
      <Filter>Header Files</Filter>
    </ClInclude>
    <ClInclude Include="src\sspGUITaskEditor.h">
      <Filter>Header Files</Filter>
    </ClInclude>
    <ClInclude Include="src\sspGUITriggerMsgList.h">
      <Filter>Header Files</Filter>
    </ClInclude>
    <ClInclude Include="src\SSpGUIUtilityEditor.h">
      <Filter>Header Files</Filter>
    </ClInclude>
    <ClInclude Include="src\SSpGUIValue.h">
      <Filter>Header Files</Filter>
    </ClInclude>
    <ClInclude Include="src\SSpGUIValueEditor.h">
      <Filter>Header Files</Filter>
    </ClInclude>
    <ClInclude Include="src\sspICPinput.h">
      <Filter>Header Files</Filter>
    </ClInclude>
    <ClInclude Include="src\sspInput.h">
      <Filter>Header Files</Filter>
    </ClInclude>
    <ClInclude Include="src\sspInputManager.h">
      <Filter>Header Files</Filter>
    </ClInclude>
    <ClInclude Include="src\SSpMessage.h">
      <Filter>Header Files</Filter>
    </ClInclude>
    <ClInclude Include="src\sspMIDIinput.h">
      <Filter>Header Files</Filter>
    </ClInclude>
    <ClInclude Include="src\sspMidiScheduler.h">
      <Filter>Header Files</Filter>
    </ClInclude>
    <ClInclude Include="src\sspMsgList.h">
      <Filter>Header Files</Filter>
    </ClInclude>
    <ClInclude Include="src\SSpObject.h">
      <Filter>Header Files</Filter>
    </ClInclude>
    <ClInclude Include="src\sspParallelInput.h">
      <Filter>Header Files</Filter>
    </ClInclude>
    <ClInclude Include="src\sspPlayManager.h">
      <Filter>Header Files</Filter>
    </ClInclude>
    <ClInclude Include="src\SSpPlayObjects.h">
      <Filter>Header Files</Filter>
    </ClInclude>
    <ClInclude Include="src\sspPools.h">
      <Filter>Header Files</Filter>
    </ClInclude>
    <ClInclude Include="src\sspResetManager.h">
      <Filter>Header Files</Filter>
    </ClInclude>
    <ClInclude Include="src\sspScheduleObjects.h">
      <Filter>Header Files</Filter>
    </ClInclude>
    <ClInclude Include="src\sspScheduler.h">
      <Filter>Header Files</Filter>
    </ClInclude>
    <ClInclude Include="src\sspSetting.h">
      <Filter>Header Files</Filter>
    </ClInclude>
    <ClInclude Include="src\SSpStream.h">
      <Filter>Header Files</Filter>
    </ClInclude>
    <ClInclude Include="src\SSpStreamMixer.h">
      <Filter>Header Files</Filter>
    </ClInclude>
    <ClInclude Include="src\sspStringObjects.h">
      <Filter>Header Files</Filter>
    </ClInclude>
    <ClInclude Include="src\SSpTasks.h">
      <Filter>Header Files</Filter>
    </ClInclude>
    <ClInclude Include="src\SSpUtility.h">
      <Filter>Header Files</Filter>
    </ClInclude>
    <ClInclude Include="src\SSpValues.h">
      <Filter>Header Files</Filter>
    </ClInclude>
    <ClInclude Include="src\sspWatchdog.h">
      <Filter>Header Files</Filter>
    </ClInclude>
    <ClInclude Include="src\sspWatchdogDecision.h">
      <Filter>Header Files</Filter>
    </ClInclude>
    <ClInclude Include="src\sspWatchdogRunDlg.h">
      <Filter>Header Files</Filter>
    </ClInclude>
    <ClInclude Include="src\sspWavControlObject.h">
      <Filter>Header Files</Filter>
    </ClInclude>
    <ClInclude Include="src\sspWavDevice.h">
      <Filter>Header Files</Filter>
    </ClInclude>
    <ClInclude Include="src\StartStopDialog.h">
      <Filter>Header Files</Filter>
    </ClInclude>
    <ClInclude Include="src\StdAfx.h">
      <Filter>Header Files</Filter>
    </ClInclude>
    <ClInclude Include="src\StreamDialog.h">
      <Filter>Header Files</Filter>
    </ClInclude>
    <ClInclude Include="src\ValueDialog.h">
      <Filter>Header Files</Filter>
    </ClInclude>
    <ClInclude Include="src\watchdog_ocx.h">
      <Filter>Header Files</Filter>
    </ClInclude>
  </ItemGroup>
  <ItemGroup>
    <ClCompile Include="src\assert.c">
      <Filter>Source Files</Filter>
    </ClCompile>
    <ClCompile Include="src\debug.c">
      <Filter>Source Files</Filter>
    </ClCompile>
    <ClCompile Include="src\AutostartDialog.cpp">
      <Filter>Source Files</Filter>
    </ClCompile>
    <ClCompile Include="src\ClockDate.cpp">
      <Filter>Source Files</Filter>
    </ClCompile>
    <ClCompile Include="src\conditionaldialog.cpp">
      <Filter>Source Files</Filter>
    </ClCompile>
    <ClCompile Include="src\DeviceDialog.cpp">
      <Filter>Source Files</Filter>
    </ClCompile>
    <ClCompile Include="src\DMXselectFile.cpp">
      <Filter>Source Files</Filter>
    </ClCompile>
    <ClCompile Include="src\InputDialog.cpp">
      <Filter>Source Files</Filter>
    </ClCompile>
    <ClCompile Include="src\LayoutDialog.cpp">
      <Filter>Source Files</Filter>
    </ClCompile>
    <ClCompile Include="src\MainFrm.cpp">
      <Filter>Source Files</Filter>
    </ClCompile>
    <ClCompile Include="src\PlayObjectDialog.cpp">
      <Filter>Source Files</Filter>
    </ClCompile>
    <ClCompile Include="src\PlayTaskDialog.cpp">
      <Filter>Source Files</Filter>
    </ClCompile>
    <ClCompile Include="src\SettingsResetDlg.cpp">
      <Filter>Source Files</Filter>
    </ClCompile>
    <ClCompile Include="src\SoundSpace.cpp">
      <Filter>Source Files</Filter>
    </ClCompile>
    <ClCompile Include="src\SoundSpaceDoc.cpp">
      <Filter>Source Files</Filter>
    </ClCompile>
    <ClCompile Include="src\SoundSpaceView.cpp">
      <Filter>Source Files</Filter>
    </ClCompile>
    <ClCompile Include="src\SSpConditionals.cpp">
      <Filter>Source Files</Filter>
    </ClCompile>
    <ClCompile Include="src\sspDateTimeManager.cpp">
      <Filter>Source Files</Filter>
    </ClCompile>
    <ClCompile Include="src\sspDevice.cpp">
      <Filter>Source Files</Filter>
    </ClCompile>
    <ClCompile Include="src\sspDeviceGroups.cpp">
      <Filter>Source Files</Filter>
    </ClCompile>
    <ClCompile Include="src\sspDeviceManager.cpp">
      <Filter>Source Files</Filter>
    </ClCompile>
    <ClCompile Include="src\sspDirectSoundDevice.cpp">
      <Filter>Source Files</Filter>
    </ClCompile>
    <ClCompile Include="src\sspDirectSoundService.cpp">
      <Filter>Source Files</Filter>
    </ClCompile>
    <ClCompile Include="src\sspDmxDevice.cpp">
      <Filter>Source Files</Filter>
    </ClCompile>
    <ClCompile Include="src\sspDSchannelControl.cpp">
      <Filter>Source Files</Filter>
    </ClCompile>
    <ClCompile Include="src\sspDScontrolFile.cpp">
      <Filter>Source Files</Filter>
    </ClCompile>
    <ClCompile Include="src\sspExecutiveManager.cpp">
      <Filter>Source Files</Filter>
    </ClCompile>
    <ClCompile Include="src\sspGUIClockMsgList.cpp">
      <Filter>Source Files</Filter>
    </ClCompile>
    <ClCompile Include="src\SSpGUIConditional.cpp">
      <Filter>Source Files</Filter>
    </ClCompile>
    <ClCompile Include="src\SSpGUIConditionalEditor.cpp">
      <Filter>Source Files</Filter>
    </ClCompile>
    <ClCompile Include="src\sspGUIinput.cpp">
      <Filter>Source Files</Filter>
    </ClCompile>
    <ClCompile Include="src\sspGUIinputEditor.cpp">
      <Filter>Source Files</Filter>
    </ClCompile>
    <ClCompile Include="src\SSpGUIMessage.cpp">
      <Filter>Source Files</Filter>
    </ClCompile>
    <ClCompile Include="src\SSpGUIMessageEditor.cpp">
      <Filter>Source Files</Filter>
    </ClCompile>
    <ClCompile Include="src\SSpGUIMsgList.cpp">
      <Filter>Source Files</Filter>
    </ClCompile>
    <ClCompile Include="src\SSpGUIPlayObject.cpp">
      <Filter>Source Files</Filter>
    </ClCompile>
    <ClCompile Include="src\SSpGUIPlayObjectEditor.cpp">
      <Filter>Source Files</Filter>
    </ClCompile>
    <ClCompile Include="src\sspGUIPreferences.cpp">
      <Filter>Source Files</Filter>
    </ClCompile>
    <ClCompile Include="src\sspGUIString.cpp">
      <Filter>Source Files</Filter>
    </ClCompile>
    <ClCompile Include="src\sspGUIStringDialog.cpp">
      <Filter>Source Files</Filter>
    </ClCompile>
    <ClCompile Include="src\sspGUIStringEditors.cpp">
      <Filter>Source Files</Filter>
    </ClCompile>
    <ClCompile Include="src\sspGUITaskEditor.cpp">
      <Filter>Source Files</Filter>
    </ClCompile>
    <ClCompile Include="src\sspGUITriggerMsgList.cpp">
      <Filter>Source Files</Filter>
    </ClCompile>
    <ClCompile Include="src\SSpGUIUtilityEditor.cpp">
      <Filter>Source Files</Filter>
    </ClCompile>
    <ClCompile Include="src\SSpGUIValue.cpp">
      <Filter>Source Files</Filter>
    </ClCompile>
    <ClCompile Include="src\SSpGUIValueEditor.cpp">
      <Filter>Source Files</Filter>
    </ClCompile>
    <ClCompile Include="src\sspICPinput.cpp">
      <Filter>Source Files</Filter>
    </ClCompile>
    <ClCompile Include="src\sspInput.cpp">
      <Filter>Source Files</Filter>
    </ClCompile>
    <ClCompile Include="src\sspInputManager.cpp">
      <Filter>Source Files</Filter>
    </ClCompile>
    <ClCompile Include="src\SSpMessage.cpp">
      <Filter>Source Files</Filter>
    </ClCompile>
    <ClCompile Include="src\sspMIDIinput.cpp">
      <Filter>Source Files</Filter>
    </ClCompile>
    <ClCompile Include="src\sspMidiScheduler.cpp">
      <Filter>Source Files</Filter>
    </ClCompile>
    <ClCompile Include="src\sspMsgList.cpp">
      <Filter>Source Files</Filter>
    </ClCompile>
    <ClCompile Include="src\SSpObject.cpp">
      <Filter>Source Files</Filter>
    </ClCompile>
    <ClCompile Include="src\sspParallelInput.cpp">
      <Filter>Source Files</Filter>
    </ClCompile>
    <ClCompile Include="src\sspPlayManager.cpp">
      <Filter>Source Files</Filter>
    </ClCompile>
    <ClCompile Include="src\SSpPlayObjects.cpp">
      <Filter>Source Files</Filter>
    </ClCompile>
    <ClCompile Include="src\sspPools.cpp">
      <Filter>Source Files</Filter>
    </ClCompile>
    <ClCompile Include="src\sspResetManager.cpp">
      <Filter>Source Files</Filter>
    </ClCompile>
    <ClCompile Include="src\sspScheduleObjects.cpp">
      <Filter>Source Files</Filter>
    </ClCompile>
    <ClCompile Include="src\sspScheduler.cpp">
      <Filter>Source Files</Filter>
    </ClCompile>
    <ClCompile Include="src\sspSetting.cpp">
      <Filter>Source Files</Filter>
    </ClCompile>
    <ClCompile Include="src\SSpStream.cpp">
      <Filter>Source Files</Filter>
    </ClCompile>
    <ClCompile Include="src\SSpStreamMixer.cpp">
      <Filter>Source Files</Filter>
    </ClCompile>
    <ClCompile Include="src\sspStringObjects.cpp">
      <Filter>Source Files</Filter>
    </ClCompile>
    <ClCompile Include="src\SSpTasks.cpp">
      <Filter>Source Files</Filter>
    </ClCompile>
    <ClCompile Include="src\SSpUtility.cpp">
      <Filter>Source Files</Filter>
    </ClCompile>
    <ClCompile Include="src\SSpValues.cpp">
      <Filter>Source Files</Filter>
    </ClCompile>
    <ClCompile Include="src\sspWatchdog.cpp">
      <Filter>Source Files</Filter>
    </ClCompile>
    <ClCompile Include="src\sspWatchdogDecision.cpp">
      <Filter>Source Files</Filter>
    </ClCompile>
    <ClCompile Include="src\sspWatchdogRunDlg.cpp">
      <Filter>Source Files</Filter>
    </ClCompile>
    <ClCompile Include="src\sspWavControlObject.cpp">
      <Filter>Source Files</Filter>
    </ClCompile>
    <ClCompile Include="src\sspWavDevice.cpp">
      <Filter>Source Files</Filter>
    </ClCompile>
    <ClCompile Include="src\StartStopDialog.cpp">
      <Filter>Source Files</Filter>
    </ClCompile>
    <ClCompile Include="src\StdAfx.cpp">
      <Filter>Source Files</Filter>
    </ClCompile>
    <ClCompile Include="src\StreamDialog.cpp">
      <Filter>Source Files</Filter>
    </ClCompile>
    <ClCompile Include="src\ValueDialog.cpp">
      <Filter>Source Files</Filter>
    </ClCompile>
    <ClCompile Include="src\watchdog_ocx.cpp">
      <Filter>Source Files</Filter>
    </ClCompile>
  </ItemGroup>
  <ItemGroup>
    <ResourceCompile Include="src\SoundSpace.rc">
      <Filter>Source Files</Filter>
    </ResourceCompile>
  </ItemGroup>
</Project>